
Microsoft Visual Studio Solution File, Format Version 12.00
# Visual Studio Version 17
VisualStudioVersion = 17.8.34525.116
MinimumVisualStudioVersion = 10.0.40219.1
Project("{FAE04EC0-301F-11D3-BF4B-00C04F79EFBC}") = "Primer Parcial", "Primer Parcial\Primer Parcial.csproj", "{2328A25E-17D2-410D-A63A-04C5E5A8AD3F}"
EndProject
Global
	GlobalSection(SolutionConfigurationPlatforms) = preSolution
		Debug|Any CPU = Debug|Any CPU
		Release|Any CPU = Release|Any CPU
	EndGlobalSection
	GlobalSection(ProjectConfigurationPlatforms) = postSolution
		{2328A25E-17D2-410D-A63A-04C5E5A8AD3F}.Debug|Any CPU.ActiveCfg = Debug|Any CPU
		{2328A25E-17D2-410D-A63A-04C5E5A8AD3F}.Debug|Any CPU.Build.0 = Debug|Any CPU
		{2328A25E-17D2-410D-A63A-04C5E5A8AD3F}.Release|Any CPU.ActiveCfg = Release|Any CPU
		{2328A25E-17D2-410D-A63A-04C5E5A8AD3F}.Release|Any CPU.Build.0 = Release|Any CPU
	EndGlobalSection
	GlobalSection(SolutionProperties) = preSolution
		HideSolutionNode = FALSE
	EndGlobalSection
	GlobalSection(ExtensibilityGlobals) = postSolution
		SolutionGuid = {C1BA46B8-4DEE-4E93-BA00-5B955204CEF1}
	EndGlobalSection
EndGlobal
